
Microsoft Visual Studio Solution File, Format Version 11.00
# Visual Studio Version 16
Project("{8BC9CEB8-8B4A-11D0-8D11-00A0C91BC942}") = "3d", "3d.vcxproj", "{1B273ABF-DB07-4F23-A376-4FBBA47107C0}"
EndProject
Project("{8BC9CEB8-8B4A-11D0-8D11-00A0C91BC942}") = "asyncio", "asyncio.vcxproj", "{1CC2D8EE-11C1-426D-A8E9-EE88E298371A}"
EndProject
Project("{8BC9CEB8-8B4A-11D0-8D11-00A0C91BC942}") = "channel_groups", "channel_groups.vcxproj", "{8FDDBFFB-A81A-4797-A632-3AD27CC0F59B}"
EndProject
Project("{8BC9CEB8-8B4A-11D0-8D11-00A0C91BC942}") = "convolution_reverb", "convolution_reverb.vcxproj", "{08D5851B-BCA4-43CA-95B4-A8EBAFA7C89F}"
EndProject
Project("{8BC9CEB8-8B4A-11D0-8D11-00A0C91BC942}") = "dsp_custom", "dsp_custom.vcxproj", "{B081743F-694B-463E-BD6A-BA33967D0CF2}"
EndProject
Project("{8BC9CEB8-8B4A-11D0-8D11-00A0C91BC942}") = "dsp_effect_per_speaker", "dsp_effect_per_speaker.vcxproj", "{3D3B2373-4AC5-42DA-A8B5-E5E5D80C1CF1}"
EndProject
Project("{8BC9CEB8-8B4A-11D0-8D11-00A0C91BC942}") = "dsp_inspector", "dsp_inspector.vcxproj", "{C0511A58-7BA1-42C7-960B-95488537956F}"
EndProject
Project("{8BC9CEB8-8B4A-11D0-8D11-00A0C91BC942}") = "effects", "effects.vcxproj", "{029BCD79-5063-4EAC-928D-DA2599C6BE4B}"
EndProject
Project("{8BC9CEB8-8B4A-11D0-8D11-00A0C91BC942}") = "gapless_playback", "gapless_playback.vcxproj", "{E50B1C1E-E4A6-4B7D-B290-E20774B34132}"
EndProject
Project("{8BC9CEB8-8B4A-11D0-8D11-00A0C91BC942}") = "generate_tone", "generate_tone.vcxproj", "{1A507C19-7E77-4A67-8C0F-3373D3A3E99C}"
EndProject
Project("{8BC9CEB8-8B4A-11D0-8D11-00A0C91BC942}") = "granular_synth", "granular_synth.vcxproj", "{C0A46E68-536D-4C26-83BE-F4EF342D3629}"
EndProject
Project("{8BC9CEB8-8B4A-11D0-8D11-00A0C91BC942}") = "load_from_memory", "load_from_memory.vcxproj", "{AEB65093-6E1E-4835-91B9-BB4390FFD48D}"
EndProject
Project("{8BC9CEB8-8B4A-11D0-8D11-00A0C91BC942}") = "multiple_speaker", "multiple_speaker.vcxproj", "{22700D19-99AB-4BE8-9531-1240435693FE}"
EndProject
Project("{8BC9CEB8-8B4A-11D0-8D11-00A0C91BC942}") = "multiple_system", "multiple_system.vcxproj", "{F771BBB6-78F5-4207-98B5-FFE468DEDCCF}"
EndProject
Project("{8BC9CEB8-8B4A-11D0-8D11-00A0C91BC942}") = "net_stream", "net_stream.vcxproj", "{C9FA6873-73E6-4052-A711-3016FB34CD54}"
EndProject
Project("{8BC9CEB8-8B4A-11D0-8D11-00A0C91BC942}") = "play_sound", "play_sound.vcxproj", "{C37CC8A5-3E85-4BD7-9493-BDC37E896438}"
EndProject
Project("{8BC9CEB8-8B4A-11D0-8D11-00A0C91BC942}") = "play_stream", "play_stream.vcxproj", "{C763EDC1-3926-41CA-BAE5-09B2F9479251}"
EndProject
Project("{8BC9CEB8-8B4A-11D0-8D11-00A0C91BC942}") = "record", "record.vcxproj", "{0F311A82-DC91-49A5-8AAB-44E2984A7361}"
EndProject
Project("{8BC9CEB8-8B4A-11D0-8D11-00A0C91BC942}") = "record_enumeration", "record_enumeration.vcxproj", "{79A75D28-26B3-494B-A452-29FC7101ACA2}"
EndProject
Project("{8BC9CEB8-8B4A-11D0-8D11-00A0C91BC942}") = "user_created_sound", "user_created_sound.vcxproj", "{DACBA9C4-FF07-4E8C-9E73-E19BAC1FB85F}"
EndProject
Project("{8BC9CEB8-8B4A-11D0-8D11-00A0C91BC942}") = "fmod_codec_raw", "fmod_codec_raw.vcxproj", "{331F4B44-56EA-4CE1-9FC2-34FA2013E78F}"
EndProject
Project("{8BC9CEB8-8B4A-11D0-8D11-00A0C91BC942}") = "fmod_distance_filter", "fmod_distance_filter.vcxproj", "{5F96CC3F-98D1-409D-B6D8-774F25F9A31F}"
EndProject
Project("{8BC9CEB8-8B4A-11D0-8D11-00A0C91BC942}") = "fmod_gain", "fmod_gain.vcxproj", "{281287C9-17B3-4A8A-9E32-6E11D9D6075F}"
EndProject
Project("{8BC9CEB8-8B4A-11D0-8D11-00A0C91BC942}") = "fmod_noise", "fmod_noise.vcxproj", "{2CCA9AEA-B49C-46E1-91A5-C63BE30E8C9E}"
EndProject
Project("{8BC9CEB8-8B4A-11D0-8D11-00A0C91BC942}") = "output_mp3", "output_mp3.vcxproj", "{79FAC2AA-97D0-4C0B-933A-D3C25A47D069}"
EndProject
Global
	GlobalSection(SolutionConfigurationPlatforms) = preSolution
		Debug|Win32 = Debug|Win32
		Debug|x64 = Debug|x64
		Release|Win32 = Release|Win32
		Release|x64 = Release|x64
	EndGlobalSection
	GlobalSection(ProjectConfigurationPlatforms) = postSolution
		{1B273ABF-DB07-4F23-A376-4FBBA47107C0}.Debug|Win32.ActiveCfg = Debug|Win32
		{1B273ABF-DB07-4F23-A376-4FBBA47107C0}.Debug|Win32.Build.0 = Debug|Win32
		{1B273ABF-DB07-4F23-A376-4FBBA47107C0}.Debug|Win32.Deploy.0 = Debug|Win32
		{1B273ABF-DB07-4F23-A376-4FBBA47107C0}.Debug|x64.ActiveCfg = Debug|x64
		{1B273ABF-DB07-4F23-A376-4FBBA47107C0}.Debug|x64.Build.0 = Debug|x64
		{1B273ABF-DB07-4F23-A376-4FBBA47107C0}.Debug|x64.Deploy.0 = Debug|x64
		{1B273ABF-DB07-4F23-A376-4FBBA47107C0}.Release|Win32.ActiveCfg = Release|Win32
		{1B273ABF-DB07-4F23-A376-4FBBA47107C0}.Release|Win32.Build.0 = Release|Win32
		{1B273ABF-DB07-4F23-A376-4FBBA47107C0}.Release|Win32.Deploy.0 = Release|Win32
		{1B273ABF-DB07-4F23-A376-4FBBA47107C0}.Release|x64.ActiveCfg = Release|x64
		{1B273ABF-DB07-4F23-A376-4FBBA47107C0}.Release|x64.Build.0 = Release|x64
		{1B273ABF-DB07-4F23-A376-4FBBA47107C0}.Release|x64.Deploy.0 = Release|x64
		{1CC2D8EE-11C1-426D-A8E9-EE88E298371A}.Debug|Win32.ActiveCfg = Debug|Win32
		{1CC2D8EE-11C1-426D-A8E9-EE88E298371A}.Debug|Win32.Build.0 = Debug|Win32
		{1CC2D8EE-11C1-426D-A8E9-EE88E298371A}.Debug|Win32.Deploy.0 = Debug|Win32
		{1CC2D8EE-11C1-426D-A8E9-EE88E298371A}.Debug|x64.ActiveCfg = Debug|x64
		{1CC2D8EE-11C1-426D-A8E9-EE88E298371A}.Debug|x64.Build.0 = Debug|x64
		{1CC2D8EE-11C1-426D-A8E9-EE88E298371A}.Debug|x64.Deploy.0 = Debug|x64
		{1CC2D8EE-11C1-426D-A8E9-EE88E298371A}.Release|Win32.ActiveCfg = Release|Win32
		{1CC2D8EE-11C1-426D-A8E9-EE88E298371A}.Release|Win32.Build.0 = Release|Win32
		{1CC2D8EE-11C1-426D-A8E9-EE88E298371A}.Release|Win32.Deploy.0 = Release|Win32
		{1CC2D8EE-11C1-426D-A8E9-EE88E298371A}.Release|x64.ActiveCfg = Release|x64
		{1CC2D8EE-11C1-426D-A8E9-EE88E298371A}.Release|x64.Build.0 = Release|x64
		{1CC2D8EE-11C1-426D-A8E9-EE88E298371A}.Release|x64.Deploy.0 = Release|x64
		{8FDDBFFB-A81A-4797-A632-3AD27CC0F59B}.Debug|Win32.ActiveCfg = Debug|Win32
		{8FDDBFFB-A81A-4797-A632-3AD27CC0F59B}.Debug|Win32.Build.0 = Debug|Win32
		{8FDDBFFB-A81A-4797-A632-3AD27CC0F59B}.Debug|Win32.Deploy.0 = Debug|Win32
		{8FDDBFFB-A81A-4797-A632-3AD27CC0F59B}.Debug|x64.ActiveCfg = Debug|x64
		{8FDDBFFB-A81A-4797-A632-3AD27CC0F59B}.Debug|x64.Build.0 = Debug|x64
		{8FDDBFFB-A81A-4797-A632-3AD27CC0F59B}.Debug|x64.Deploy.0 = Debug|x64
		{8FDDBFFB-A81A-4797-A632-3AD27CC0F59B}.Release|Win32.ActiveCfg = Release|Win32
		{8FDDBFFB-A81A-4797-A632-3AD27CC0F59B}.Release|Win32.Build.0 = Release|Win32
		{8FDDBFFB-A81A-4797-A632-3AD27CC0F59B}.Release|Win32.Deploy.0 = Release|Win32
		{8FDDBFFB-A81A-4797-A632-3AD27CC0F59B}.Release|x64.ActiveCfg = Release|x64
		{8FDDBFFB-A81A-4797-A632-3AD27CC0F59B}.Release|x64.Build.0 = Release|x64
		{8FDDBFFB-A81A-4797-A632-3AD27CC0F59B}.Release|x64.Deploy.0 = Release|x64
		{08D5851B-BCA4-43CA-95B4-A8EBAFA7C89F}.Debug|Win32.ActiveCfg = Debug|Win32
		{08D5851B-BCA4-43CA-95B4-A8EBAFA7C89F}.Debug|Win32.Build.0 = Debug|Win32
		{08D5851B-BCA4-43CA-95B4-A8EBAFA7C89F}.Debug|Win32.Deploy.0 = Debug|Win32
		{08D5851B-BCA4-43CA-95B4-A8EBAFA7C89F}.Debug|x64.ActiveCfg = Debug|x64
		{08D5851B-BCA4-43CA-95B4-A8EBAFA7C89F}.Debug|x64.Build.0 = Debug|x64
		{08D5851B-BCA4-43CA-95B4-A8EBAFA7C89F}.Debug|x64.Deploy.0 = Debug|x64
		{08D5851B-BCA4-43CA-95B4-A8EBAFA7C89F}.Release|Win32.ActiveCfg = Release|Win32
		{08D5851B-BCA4-43CA-95B4-A8EBAFA7C89F}.Release|Win32.Build.0 = Release|Win32
		{08D5851B-BCA4-43CA-95B4-A8EBAFA7C89F}.Release|Win32.Deploy.0 = Release|Win32
		{08D5851B-BCA4-43CA-95B4-A8EBAFA7C89F}.Release|x64.ActiveCfg = Release|x64
		{08D5851B-BCA4-43CA-95B4-A8EBAFA7C89F}.Release|x64.Build.0 = Release|x64
		{08D5851B-BCA4-43CA-95B4-A8EBAFA7C89F}.Release|x64.Deploy.0 = Release|x64
		{B081743F-694B-463E-BD6A-BA33967D0CF2}.Debug|Win32.ActiveCfg = Debug|Win32
		{B081743F-694B-463E-BD6A-BA33967D0CF2}.Debug|Win32.Build.0 = Debug|Win32
		{B081743F-694B-463E-BD6A-BA33967D0CF2}.Debug|Win32.Deploy.0 = Debug|Win32
		{B081743F-694B-463E-BD6A-BA33967D0CF2}.Debug|x64.ActiveCfg = Debug|x64
		{B081743F-694B-463E-BD6A-BA33967D0CF2}.Debug|x64.Build.0 = Debug|x64
		{B081743F-694B-463E-BD6A-BA33967D0CF2}.Debug|x64.Deploy.0 = Debug|x64
		{B081743F-694B-463E-BD6A-BA33967D0CF2}.Release|Win32.ActiveCfg = Release|Win32
		{B081743F-694B-463E-BD6A-BA33967D0CF2}.Release|Win32.Build.0 = Release|Win32
		{B081743F-694B-463E-BD6A-BA33967D0CF2}.Release|Win32.Deploy.0 = Release|Win32
		{B081743F-694B-463E-BD6A-BA33967D0CF2}.Release|x64.ActiveCfg = Release|x64
		{B081743F-694B-463E-BD6A-BA33967D0CF2}.Release|x64.Build.0 = Release|x64
		{B081743F-694B-463E-BD6A-BA33967D0CF2}.Release|x64.Deploy.0 = Release|x64
		{3D3B2373-4AC5-42DA-A8B5-E5E5D80C1CF1}.Debug|Win32.ActiveCfg = Debug|Win32
		{3D3B2373-4AC5-42DA-A8B5-E5E5D80C1CF1}.Debug|Win32.Build.0 = Debug|Win32
		{3D3B2373-4AC5-42DA-A8B5-E5E5D80C1CF1}.Debug|Win32.Deploy.0 = Debug|Win32
		{3D3B2373-4AC5-42DA-A8B5-E5E5D80C1CF1}.Debug|x64.ActiveCfg = Debug|x64
		{3D3B2373-4AC5-42DA-A8B5-E5E5D80C1CF1}.Debug|x64.Build.0 = Debug|x64
		{3D3B2373-4AC5-42DA-A8B5-E5E5D80C1CF1}.Debug|x64.Deploy.0 = Debug|x64
		{3D3B2373-4AC5-42DA-A8B5-E5E5D80C1CF1}.Release|Win32.ActiveCfg = Release|Win32
		{3D3B2373-4AC5-42DA-A8B5-E5E5D80C1CF1}.Release|Win32.Build.0 = Release|Win32
		{3D3B2373-4AC5-42DA-A8B5-E5E5D80C1CF1}.Release|Win32.Deploy.0 = Release|Win32
		{3D3B2373-4AC5-42DA-A8B5-E5E5D80C1CF1}.Release|x64.ActiveCfg = Release|x64
		{3D3B2373-4AC5-42DA-A8B5-E5E5D80C1CF1}.Release|x64.Build.0 = Release|x64
		{3D3B2373-4AC5-42DA-A8B5-E5E5D80C1CF1}.Release|x64.Deploy.0 = Release|x64
		{C0511A58-7BA1-42C7-960B-95488537956F}.Debug|Win32.ActiveCfg = Debug|Win32
		{C0511A58-7BA1-42C7-960B-95488537956F}.Debug|Win32.Build.0 = Debug|Win32
		{C0511A58-7BA1-42C7-960B-95488537956F}.Debug|Win32.Deploy.0 = Debug|Win32
		{C0511A58-7BA1-42C7-960B-95488537956F}.Debug|x64.ActiveCfg = Debug|x64
		{C0511A58-7BA1-42C7-960B-95488537956F}.Debug|x64.Build.0 = Debug|x64
		{C0511A58-7BA1-42C7-960B-95488537956F}.Debug|x64.Deploy.0 = Debug|x64
		{C0511A58-7BA1-42C7-960B-95488537956F}.Release|Win32.ActiveCfg = Release|Win32
		{C0511A58-7BA1-42C7-960B-95488537956F}.Release|Win32.Build.0 = Release|Win32
		{C0511A58-7BA1-42C7-960B-95488537956F}.Release|Win32.Deploy.0 = Release|Win32
		{C0511A58-7BA1-42C7-960B-95488537956F}.Release|x64.ActiveCfg = Release|x64
		{C0511A58-7BA1-42C7-960B-95488537956F}.Release|x64.Build.0 = Release|x64
		{C0511A58-7BA1-42C7-960B-95488537956F}.Release|x64.Deploy.0 = Release|x64
		{029BCD79-5063-4EAC-928D-DA2599C6BE4B}.Debug|Win32.ActiveCfg = Debug|Win32
		{029BCD79-5063-4EAC-928D-DA2599C6BE4B}.Debug|Win32.Build.0 = Debug|Win32
		{029BCD79-5063-4EAC-928D-DA2599C6BE4B}.Debug|Win32.Deploy.0 = Debug|Win32
		{029BCD79-5063-4EAC-928D-DA2599C6BE4B}.Debug|x64.ActiveCfg = Debug|x64
		{029BCD79-5063-4EAC-928D-DA2599C6BE4B}.Debug|x64.Build.0 = Debug|x64
		{029BCD79-5063-4EAC-928D-DA2599C6BE4B}.Debug|x64.Deploy.0 = Debug|x64
		{029BCD79-5063-4EAC-928D-DA2599C6BE4B}.Release|Win32.ActiveCfg = Release|Win32
		{029BCD79-5063-4EAC-928D-DA2599C6BE4B}.Release|Win32.Build.0 = Release|Win32
		{029BCD79-5063-4EAC-928D-DA2599C6BE4B}.Release|Win32.Deploy.0 = Release|Win32
		{029BCD79-5063-4EAC-928D-DA2599C6BE4B}.Release|x64.ActiveCfg = Release|x64
		{029BCD79-5063-4EAC-928D-DA2599C6BE4B}.Release|x64.Build.0 = Release|x64
		{029BCD79-5063-4EAC-928D-DA2599C6BE4B}.Release|x64.Deploy.0 = Release|x64
		{E50B1C1E-E4A6-4B7D-B290-E20774B34132}.Debug|Win32.ActiveCfg = Debug|Win32
		{E50B1C1E-E4A6-4B7D-B290-E20774B34132}.Debug|Win32.Build.0 = Debug|Win32
		{E50B1C1E-E4A6-4B7D-B290-E20774B34132}.Debug|Win32.Deploy.0 = Debug|Win32
		{E50B1C1E-E4A6-4B7D-B290-E20774B34132}.Debug|x64.ActiveCfg = Debug|x64
		{E50B1C1E-E4A6-4B7D-B290-E20774B34132}.Debug|x64.Build.0 = Debug|x64
		{E50B1C1E-E4A6-4B7D-B290-E20774B34132}.Debug|x64.Deploy.0 = Debug|x64
		{E50B1C1E-E4A6-4B7D-B290-E20774B34132}.Release|Win32.ActiveCfg = Release|Win32
		{E50B1C1E-E4A6-4B7D-B290-E20774B34132}.Release|Win32.Build.0 = Release|Win32
		{E50B1C1E-E4A6-4B7D-B290-E20774B34132}.Release|Win32.Deploy.0 = Release|Win32
		{E50B1C1E-E4A6-4B7D-B290-E20774B34132}.Release|x64.ActiveCfg = Release|x64
		{E50B1C1E-E4A6-4B7D-B290-E20774B34132}.Release|x64.Build.0 = Release|x64
		{E50B1C1E-E4A6-4B7D-B290-E20774B34132}.Release|x64.Deploy.0 = Release|x64
		{1A507C19-7E77-4A67-8C0F-3373D3A3E99C}.Debug|Win32.ActiveCfg = Debug|Win32
		{1A507C19-7E77-4A67-8C0F-3373D3A3E99C}.Debug|Win32.Build.0 = Debug|Win32
		{1A507C19-7E77-4A67-8C0F-3373D3A3E99C}.Debug|Win32.Deploy.0 = Debug|Win32
		{1A507C19-7E77-4A67-8C0F-3373D3A3E99C}.Debug|x64.ActiveCfg = Debug|x64
		{1A507C19-7E77-4A67-8C0F-3373D3A3E99C}.Debug|x64.Build.0 = Debug|x64
		{1A507C19-7E77-4A67-8C0F-3373D3A3E99C}.Debug|x64.Deploy.0 = Debug|x64
		{1A507C19-7E77-4A67-8C0F-3373D3A3E99C}.Release|Win32.ActiveCfg = Release|Win32
		{1A507C19-7E77-4A67-8C0F-3373D3A3E99C}.Release|Win32.Build.0 = Release|Win32
		{1A507C19-7E77-4A67-8C0F-3373D3A3E99C}.Release|Win32.Deploy.0 = Release|Win32
		{1A507C19-7E77-4A67-8C0F-3373D3A3E99C}.Release|x64.ActiveCfg = Release|x64
		{1A507C19-7E77-4A67-8C0F-3373D3A3E99C}.Release|x64.Build.0 = Release|x64
		{1A507C19-7E77-4A67-8C0F-3373D3A3E99C}.Release|x64.Deploy.0 = Release|x64
		{C0A46E68-536D-4C26-83BE-F4EF342D3629}.Debug|Win32.ActiveCfg = Debug|Win32
		{C0A46E68-536D-4C26-83BE-F4EF342D3629}.Debug|Win32.Build.0 = Debug|Win32
		{C0A46E68-536D-4C26-83BE-F4EF342D3629}.Debug|Win32.Deploy.0 = Debug|Win32
		{C0A46E68-536D-4C26-83BE-F4EF342D3629}.Debug|x64.ActiveCfg = Debug|x64
		{C0A46E68-536D-4C26-83BE-F4EF342D3629}.Debug|x64.Build.0 = Debug|x64
		{C0A46E68-536D-4C26-83BE-F4EF342D3629}.Debug|x64.Deploy.0 = Debug|x64
		{C0A46E68-536D-4C26-83BE-F4EF342D3629}.Release|Win32.ActiveCfg = Release|Win32
		{C0A46E68-536D-4C26-83BE-F4EF342D3629}.Release|Win32.Build.0 = Release|Win32
		{C0A46E68-536D-4C26-83BE-F4EF342D3629}.Release|Win32.Deploy.0 = Release|Win32
		{C0A46E68-536D-4C26-83BE-F4EF342D3629}.Release|x64.ActiveCfg = Release|x64
		{C0A46E68-536D-4C26-83BE-F4EF342D3629}.Release|x64.Build.0 = Release|x64
		{C0A46E68-536D-4C26-83BE-F4EF342D3629}.Release|x64.Deploy.0 = Release|x64
		{AEB65093-6E1E-4835-91B9-BB4390FFD48D}.Debug|Win32.ActiveCfg = Debug|Win32
		{AEB65093-6E1E-4835-91B9-BB4390FFD48D}.Debug|Win32.Build.0 = Debug|Win32
		{AEB65093-6E1E-4835-91B9-BB4390FFD48D}.Debug|Win32.Deploy.0 = Debug|Win32
		{AEB65093-6E1E-4835-91B9-BB4390FFD48D}.Debug|x64.ActiveCfg = Debug|x64
		{AEB65093-6E1E-4835-91B9-BB4390FFD48D}.Debug|x64.Build.0 = Debug|x64
		{AEB65093-6E1E-4835-91B9-BB4390FFD48D}.Debug|x64.Deploy.0 = Debug|x64
		{AEB65093-6E1E-4835-91B9-BB4390FFD48D}.Release|Win32.ActiveCfg = Release|Win32
		{AEB65093-6E1E-4835-91B9-BB4390FFD48D}.Release|Win32.Build.0 = Release|Win32
		{AEB65093-6E1E-4835-91B9-BB4390FFD48D}.Release|Win32.Deploy.0 = Release|Win32
		{AEB65093-6E1E-4835-91B9-BB4390FFD48D}.Release|x64.ActiveCfg = Release|x64
		{AEB65093-6E1E-4835-91B9-BB4390FFD48D}.Release|x64.Build.0 = Release|x64
		{AEB65093-6E1E-4835-91B9-BB4390FFD48D}.Release|x64.Deploy.0 = Release|x64
		{22700D19-99AB-4BE8-9531-1240435693FE}.Debug|Win32.ActiveCfg = Debug|Win32
		{22700D19-99AB-4BE8-9531-1240435693FE}.Debug|Win32.Build.0 = Debug|Win32
		{22700D19-99AB-4BE8-9531-1240435693FE}.Debug|Win32.Deploy.0 = Debug|Win32
		{22700D19-99AB-4BE8-9531-1240435693FE}.Debug|x64.ActiveCfg = Debug|x64
		{22700D19-99AB-4BE8-9531-1240435693FE}.Debug|x64.Build.0 = Debug|x64
		{22700D19-99AB-4BE8-9531-1240435693FE}.Debug|x64.Deploy.0 = Debug|x64
		{22700D19-99AB-4BE8-9531-1240435693FE}.Release|Win32.ActiveCfg = Release|Win32
		{22700D19-99AB-4BE8-9531-1240435693FE}.Release|Win32.Build.0 = Release|Win32
		{22700D19-99AB-4BE8-9531-1240435693FE}.Release|Win32.Deploy.0 = Release|Win32
		{22700D19-99AB-4BE8-9531-1240435693FE}.Release|x64.ActiveCfg = Release|x64
		{22700D19-99AB-4BE8-9531-1240435693FE}.Release|x64.Build.0 = Release|x64
		{22700D19-99AB-4BE8-9531-1240435693FE}.Release|x64.Deploy.0 = Release|x64
		{F771BBB6-78F5-4207-98B5-FFE468DEDCCF}.Debug|Win32.ActiveCfg = Debug|Win32
		{F771BBB6-78F5-4207-98B5-FFE468DEDCCF}.Debug|Win32.Build.0 = Debug|Win32
		{F771BBB6-78F5-4207-98B5-FFE468DEDCCF}.Debug|Win32.Deploy.0 = Debug|Win32
		{F771BBB6-78F5-4207-98B5-FFE468DEDCCF}.Debug|x64.ActiveCfg = Debug|x64
		{F771BBB6-78F5-4207-98B5-FFE468DEDCCF}.Debug|x64.Build.0 = Debug|x64
		{F771BBB6-78F5-4207-98B5-FFE468DEDCCF}.Debug|x64.Deploy.0 = Debug|x64
		{F771BBB6-78F5-4207-98B5-FFE468DEDCCF}.Release|Win32.ActiveCfg = Release|Win32
		{F771BBB6-78F5-4207-98B5-FFE468DEDCCF}.Release|Win32.Build.0 = Release|Win32
		{F771BBB6-78F5-4207-98B5-FFE468DEDCCF}.Release|Win32.Deploy.0 = Release|Win32
		{F771BBB6-78F5-4207-98B5-FFE468DEDCCF}.Release|x64.ActiveCfg = Release|x64
		{F771BBB6-78F5-4207-98B5-FFE468DEDCCF}.Release|x64.Build.0 = Release|x64
		{F771BBB6-78F5-4207-98B5-FFE468DEDCCF}.Release|x64.Deploy.0 = Release|x64
		{C9FA6873-73E6-4052-A711-3016FB34CD54}.Debug|Win32.ActiveCfg = Debug|Win32
		{C9FA6873-73E6-4052-A711-3016FB34CD54}.Debug|Win32.Build.0 = Debug|Win32
		{C9FA6873-73E6-4052-A711-3016FB34CD54}.Debug|Win32.Deploy.0 = Debug|Win32
		{C9FA6873-73E6-4052-A711-3016FB34CD54}.Debug|x64.ActiveCfg = Debug|x64
		{C9FA6873-73E6-4052-A711-3016FB34CD54}.Debug|x64.Build.0 = Debug|x64
		{C9FA6873-73E6-4052-A711-3016FB34CD54}.Debug|x64.Deploy.0 = Debug|x64
		{C9FA6873-73E6-4052-A711-3016FB34CD54}.Release|Win32.ActiveCfg = Release|Win32
		{C9FA6873-73E6-4052-A711-3016FB34CD54}.Release|Win32.Build.0 = Release|Win32
		{C9FA6873-73E6-4052-A711-3016FB34CD54}.Release|Win32.Deploy.0 = Release|Win32
		{C9FA6873-73E6-4052-A711-3016FB34CD54}.Release|x64.ActiveCfg = Release|x64
		{C9FA6873-73E6-4052-A711-3016FB34CD54}.Release|x64.Build.0 = Release|x64
		{C9FA6873-73E6-4052-A711-3016FB34CD54}.Release|x64.Deploy.0 = Release|x64
		{C37CC8A5-3E85-4BD7-9493-BDC37E896438}.Debug|Win32.ActiveCfg = Debug|Win32
		{C37CC8A5-3E85-4BD7-9493-BDC37E896438}.Debug|Win32.Build.0 = Debug|Win32
		{C37CC8A5-3E85-4BD7-9493-BDC37E896438}.Debug|Win32.Deploy.0 = Debug|Win32
		{C37CC8A5-3E85-4BD7-9493-BDC37E896438}.Debug|x64.ActiveCfg = Debug|x64
		{C37CC8A5-3E85-4BD7-9493-BDC37E896438}.Debug|x64.Build.0 = Debug|x64
		{C37CC8A5-3E85-4BD7-9493-BDC37E896438}.Debug|x64.Deploy.0 = Debug|x64
		{C37CC8A5-3E85-4BD7-9493-BDC37E896438}.Release|Win32.ActiveCfg = Release|Win32
		{C37CC8A5-3E85-4BD7-9493-BDC37E896438}.Release|Win32.Build.0 = Release|Win32
		{C37CC8A5-3E85-4BD7-9493-BDC37E896438}.Release|Win32.Deploy.0 = Release|Win32
		{C37CC8A5-3E85-4BD7-9493-BDC37E896438}.Release|x64.ActiveCfg = Release|x64
		{C37CC8A5-3E85-4BD7-9493-BDC37E896438}.Release|x64.Build.0 = Release|x64
		{C37CC8A5-3E85-4BD7-9493-BDC37E896438}.Release|x64.Deploy.0 = Release|x64
		{C763EDC1-3926-41CA-BAE5-09B2F9479251}.Debug|Win32.ActiveCfg = Debug|Win32
		{C763EDC1-3926-41CA-BAE5-09B2F9479251}.Debug|Win32.Build.0 = Debug|Win32
		{C763EDC1-3926-41CA-BAE5-09B2F9479251}.Debug|Win32.Deploy.0 = Debug|Win32
		{C763EDC1-3926-41CA-BAE5-09B2F9479251}.Debug|x64.ActiveCfg = Debug|x64
		{C763EDC1-3926-41CA-BAE5-09B2F9479251}.Debug|x64.Build.0 = Debug|x64
		{C763EDC1-3926-41CA-BAE5-09B2F9479251}.Debug|x64.Deploy.0 = Debug|x64
		{C763EDC1-3926-41CA-BAE5-09B2F9479251}.Release|Win32.ActiveCfg = Release|Win32
		{C763EDC1-3926-41CA-BAE5-09B2F9479251}.Release|Win32.Build.0 = Release|Win32
		{C763EDC1-3926-41CA-BAE5-09B2F9479251}.Release|Win32.Deploy.0 = Release|Win32
		{C763EDC1-3926-41CA-BAE5-09B2F9479251}.Release|x64.ActiveCfg = Release|x64
		{C763EDC1-3926-41CA-BAE5-09B2F9479251}.Release|x64.Build.0 = Release|x64
		{C763EDC1-3926-41CA-BAE5-09B2F9479251}.Release|x64.Deploy.0 = Release|x64
		{0F311A82-DC91-49A5-8AAB-44E2984A7361}.Debug|Win32.ActiveCfg = Debug|Win32
		{0F311A82-DC91-49A5-8AAB-44E2984A7361}.Debug|Win32.Build.0 = Debug|Win32
		{0F311A82-DC91-49A5-8AAB-44E2984A7361}.Debug|Win32.Deploy.0 = Debug|Win32
		{0F311A82-DC91-49A5-8AAB-44E2984A7361}.Debug|x64.ActiveCfg = Debug|x64
		{0F311A82-DC91-49A5-8AAB-44E2984A7361}.Debug|x64.Build.0 = Debug|x64
		{0F311A82-DC91-49A5-8AAB-44E2984A7361}.Debug|x64.Deploy.0 = Debug|x64
		{0F311A82-DC91-49A5-8AAB-44E2984A7361}.Release|Win32.ActiveCfg = Release|Win32
		{0F311A82-DC91-49A5-8AAB-44E2984A7361}.Release|Win32.Build.0 = Release|Win32
		{0F311A82-DC91-49A5-8AAB-44E2984A7361}.Release|Win32.Deploy.0 = Release|Win32
		{0F311A82-DC91-49A5-8AAB-44E2984A7361}.Release|x64.ActiveCfg = Release|x64
		{0F311A82-DC91-49A5-8AAB-44E2984A7361}.Release|x64.Build.0 = Release|x64
		{0F311A82-DC91-49A5-8AAB-44E2984A7361}.Release|x64.Deploy.0 = Release|x64
		{79A75D28-26B3-494B-A452-29FC7101ACA2}.Debug|Win32.ActiveCfg = Debug|Win32
		{79A75D28-26B3-494B-A452-29FC7101ACA2}.Debug|Win32.Build.0 = Debug|Win32
		{79A75D28-26B3-494B-A452-29FC7101ACA2}.Debug|Win32.Deploy.0 = Debug|Win32
		{79A75D28-26B3-494B-A452-29FC7101ACA2}.Debug|x64.ActiveCfg = Debug|x64
		{79A75D28-26B3-494B-A452-29FC7101ACA2}.Debug|x64.Build.0 = Debug|x64
		{79A75D28-26B3-494B-A452-29FC7101ACA2}.Debug|x64.Deploy.0 = Debug|x64
		{79A75D28-26B3-494B-A452-29FC7101ACA2}.Release|Win32.ActiveCfg = Release|Win32
		{79A75D28-26B3-494B-A452-29FC7101ACA2}.Release|Win32.Build.0 = Release|Win32
		{79A75D28-26B3-494B-A452-29FC7101ACA2}.Release|Win32.Deploy.0 = Release|Win32
		{79A75D28-26B3-494B-A452-29FC7101ACA2}.Release|x64.ActiveCfg = Release|x64
		{79A75D28-26B3-494B-A452-29FC7101ACA2}.Release|x64.Build.0 = Release|x64
		{79A75D28-26B3-494B-A452-29FC7101ACA2}.Release|x64.Deploy.0 = Release|x64
		{DACBA9C4-FF07-4E8C-9E73-E19BAC1FB85F}.Debug|Win32.ActiveCfg = Debug|Win32
		{DACBA9C4-FF07-4E8C-9E73-E19BAC1FB85F}.Debug|Win32.Build.0 = Debug|Win32
		{DACBA9C4-FF07-4E8C-9E73-E19BAC1FB85F}.Debug|Win32.Deploy.0 = Debug|Win32
		{DACBA9C4-FF07-4E8C-9E73-E19BAC1FB85F}.Debug|x64.ActiveCfg = Debug|x64
		{DACBA9C4-FF07-4E8C-9E73-E19BAC1FB85F}.Debug|x64.Build.0 = Debug|x64
		{DACBA9C4-FF07-4E8C-9E73-E19BAC1FB85F}.Debug|x64.Deploy.0 = Debug|x64
		{DACBA9C4-FF07-4E8C-9E73-E19BAC1FB85F}.Release|Win32.ActiveCfg = Release|Win32
		{DACBA9C4-FF07-4E8C-9E73-E19BAC1FB85F}.Release|Win32.Build.0 = Release|Win32
		{DACBA9C4-FF07-4E8C-9E73-E19BAC1FB85F}.Release|Win32.Deploy.0 = Release|Win32
		{DACBA9C4-FF07-4E8C-9E73-E19BAC1FB85F}.Release|x64.ActiveCfg = Release|x64
		{DACBA9C4-FF07-4E8C-9E73-E19BAC1FB85F}.Release|x64.Build.0 = Release|x64
		{DACBA9C4-FF07-4E8C-9E73-E19BAC1FB85F}.Release|x64.Deploy.0 = Release|x64
		{331F4B44-56EA-4CE1-9FC2-34FA2013E78F}.Debug|Win32.ActiveCfg = Debug|Win32
		{331F4B44-56EA-4CE1-9FC2-34FA2013E78F}.Debug|Win32.Build.0 = Debug|Win32
		{331F4B44-56EA-4CE1-9FC2-34FA2013E78F}.Debug|Win32.Deploy.0 = Debug|Win32
		{331F4B44-56EA-4CE1-9FC2-34FA2013E78F}.Debug|x64.ActiveCfg = Debug|x64
		{331F4B44-56EA-4CE1-9FC2-34FA2013E78F}.Debug|x64.Build.0 = Debug|x64
		{331F4B44-56EA-4CE1-9FC2-34FA2013E78F}.Debug|x64.Deploy.0 = Debug|x64
		{331F4B44-56EA-4CE1-9FC2-34FA2013E78F}.Release|Win32.ActiveCfg = Release|Win32
		{331F4B44-56EA-4CE1-9FC2-34FA2013E78F}.Release|Win32.Build.0 = Release|Win32
		{331F4B44-56EA-4CE1-9FC2-34FA2013E78F}.Release|Win32.Deploy.0 = Release|Win32
		{331F4B44-56EA-4CE1-9FC2-34FA2013E78F}.Release|x64.ActiveCfg = Release|x64
		{331F4B44-56EA-4CE1-9FC2-34FA2013E78F}.Release|x64.Build.0 = Release|x64
		{331F4B44-56EA-4CE1-9FC2-34FA2013E78F}.Release|x64.Deploy.0 = Release|x64
		{5F96CC3F-98D1-409D-B6D8-774F25F9A31F}.Debug|Win32.ActiveCfg = Debug|Win32
		{5F96CC3F-98D1-409D-B6D8-774F25F9A31F}.Debug|Win32.Build.0 = Debug|Win32
		{5F96CC3F-98D1-409D-B6D8-774F25F9A31F}.Debug|Win32.Deploy.0 = Debug|Win32
		{5F96CC3F-98D1-409D-B6D8-774F25F9A31F}.Debug|x64.ActiveCfg = Debug|x64
		{5F96CC3F-98D1-409D-B6D8-774F25F9A31F}.Debug|x64.Build.0 = Debug|x64
		{5F96CC3F-98D1-409D-B6D8-774F25F9A31F}.Debug|x64.Deploy.0 = Debug|x64
		{5F96CC3F-98D1-409D-B6D8-774F25F9A31F}.Release|Win32.ActiveCfg = Release|Win32
		{5F96CC3F-98D1-409D-B6D8-774F25F9A31F}.Release|Win32.Build.0 = Release|Win32
		{5F96CC3F-98D1-409D-B6D8-774F25F9A31F}.Release|Win32.Deploy.0 = Release|Win32
		{5F96CC3F-98D1-409D-B6D8-774F25F9A31F}.Release|x64.ActiveCfg = Release|x64
		{5F96CC3F-98D1-409D-B6D8-774F25F9A31F}.Release|x64.Build.0 = Release|x64
		{5F96CC3F-98D1-409D-B6D8-774F25F9A31F}.Release|x64.Deploy.0 = Release|x64
		{281287C9-17B3-4A8A-9E32-6E11D9D6075F}.Debug|Win32.ActiveCfg = Debug|Win32
		{281287C9-17B3-4A8A-9E32-6E11D9D6075F}.Debug|Win32.Build.0 = Debug|Win32
		{281287C9-17B3-4A8A-9E32-6E11D9D6075F}.Debug|Win32.Deploy.0 = Debug|Win32
		{281287C9-17B3-4A8A-9E32-6E11D9D6075F}.Debug|x64.ActiveCfg = Debug|x64
		{281287C9-17B3-4A8A-9E32-6E11D9D6075F}.Debug|x64.Build.0 = Debug|x64
		{281287C9-17B3-4A8A-9E32-6E11D9D6075F}.Debug|x64.Deploy.0 = Debug|x64
		{281287C9-17B3-4A8A-9E32-6E11D9D6075F}.Release|Win32.ActiveCfg = Release|Win32
		{281287C9-17B3-4A8A-9E32-6E11D9D6075F}.Release|Win32.Build.0 = Release|Win32
		{281287C9-17B3-4A8A-9E32-6E11D9D6075F}.Release|Win32.Deploy.0 = Release|Win32
		{281287C9-17B3-4A8A-9E32-6E11D9D6075F}.Release|x64.ActiveCfg = Release|x64
		{281287C9-17B3-4A8A-9E32-6E11D9D6075F}.Release|x64.Build.0 = Release|x64
		{281287C9-17B3-4A8A-9E32-6E11D9D6075F}.Release|x64.Deploy.0 = Release|x64
		{2CCA9AEA-B49C-46E1-91A5-C63BE30E8C9E}.Debug|Win32.ActiveCfg = Debug|Win32
		{2CCA9AEA-B49C-46E1-91A5-C63BE30E8C9E}.Debug|Win32.Build.0 = Debug|Win32
		{2CCA9AEA-B49C-46E1-91A5-C63BE30E8C9E}.Debug|Win32.Deploy.0 = Debug|Win32
		{2CCA9AEA-B49C-46E1-91A5-C63BE30E8C9E}.Debug|x64.ActiveCfg = Debug|x64
		{2CCA9AEA-B49C-46E1-91A5-C63BE30E8C9E}.Debug|x64.Build.0 = Debug|x64
		{2CCA9AEA-B49C-46E1-91A5-C63BE30E8C9E}.Debug|x64.Deploy.0 = Debug|x64
		{2CCA9AEA-B49C-46E1-91A5-C63BE30E8C9E}.Release|Win32.ActiveCfg = Release|Win32
		{2CCA9AEA-B49C-46E1-91A5-C63BE30E8C9E}.Release|Win32.Build.0 = Release|Win32
		{2CCA9AEA-B49C-46E1-91A5-C63BE30E8C9E}.Release|Win32.Deploy.0 = Release|Win32
		{2CCA9AEA-B49C-46E1-91A5-C63BE30E8C9E}.Release|x64.ActiveCfg = Release|x64
		{2CCA9AEA-B49C-46E1-91A5-C63BE30E8C9E}.Release|x64.Build.0 = Release|x64
		{2CCA9AEA-B49C-46E1-91A5-C63BE30E8C9E}.Release|x64.Deploy.0 = Release|x64
		{79FAC2AA-97D0-4C0B-933A-D3C25A47D069}.Debug|Win32.ActiveCfg = Debug|Win32
		{79FAC2AA-97D0-4C0B-933A-D3C25A47D069}.Debug|Win32.Build.0 = Debug|Win32
		{79FAC2AA-97D0-4C0B-933A-D3C25A47D069}.Debug|Win32.Deploy.0 = Debug|Win32
		{79FAC2AA-97D0-4C0B-933A-D3C25A47D069}.Debug|x64.ActiveCfg = Debug|x64
		{79FAC2AA-97D0-4C0B-933A-D3C25A47D069}.Debug|x64.Build.0 = Debug|x64
		{79FAC2AA-97D0-4C0B-933A-D3C25A47D069}.Debug|x64.Deploy.0 = Debug|x64
		{79FAC2AA-97D0-4C0B-933A-D3C25A47D069}.Release|Win32.ActiveCfg = Release|Win32
		{79FAC2AA-97D0-4C0B-933A-D3C25A47D069}.Release|Win32.Build.0 = Release|Win32
		{79FAC2AA-97D0-4C0B-933A-D3C25A47D069}.Release|Win32.Deploy.0 = Release|Win32
		{79FAC2AA-97D0-4C0B-933A-D3C25A47D069}.Release|x64.ActiveCfg = Release|x64
		{79FAC2AA-97D0-4C0B-933A-D3C25A47D069}.Release|x64.Build.0 = Release|x64
		{79FAC2AA-97D0-4C0B-933A-D3C25A47D069}.Release|x64.Deploy.0 = Release|x64
	EndGlobalSection
	GlobalSection(SolutionProperties) = preSolution
		HideSolutionNode = FALSE
	EndGlobalSection
EndGlobal
