
Microsoft Visual Studio Solution File, Format Version 11.00
# Visual Studio 15
Project("{8BC9CEB8-8B4A-11D0-8D11-00A0C91BC942}") = "3d", "3d.vcxproj", "{451E834C-19E3-4FCF-BAD4-74C7E0036006}"
EndProject
Project("{8BC9CEB8-8B4A-11D0-8D11-00A0C91BC942}") = "asyncio", "asyncio.vcxproj", "{9ECA9D42-B48E-4099-9643-179FC1A5C86B}"
EndProject
Project("{8BC9CEB8-8B4A-11D0-8D11-00A0C91BC942}") = "channel_groups", "channel_groups.vcxproj", "{BD03DE38-A884-4F81-B0C7-C6829D14DA64}"
EndProject
Project("{8BC9CEB8-8B4A-11D0-8D11-00A0C91BC942}") = "convolution_reverb", "convolution_reverb.vcxproj", "{F213681E-DB8C-44B8-B7BF-8D0437558F94}"
EndProject
Project("{8BC9CEB8-8B4A-11D0-8D11-00A0C91BC942}") = "dsp_custom", "dsp_custom.vcxproj", "{0A15A686-C4D6-4931-8092-0BB7A2203291}"
EndProject
Project("{8BC9CEB8-8B4A-11D0-8D11-00A0C91BC942}") = "dsp_effect_per_speaker", "dsp_effect_per_speaker.vcxproj", "{4573292E-F184-41F8-8836-66B9CBDAD7E1}"
EndProject
Project("{8BC9CEB8-8B4A-11D0-8D11-00A0C91BC942}") = "dsp_inspector", "dsp_inspector.vcxproj", "{A9D53D29-C9DC-42DE-9189-858FF0665640}"
EndProject
Project("{8BC9CEB8-8B4A-11D0-8D11-00A0C91BC942}") = "effects", "effects.vcxproj", "{12B51582-49E7-4552-946D-8FF0E08A64FB}"
EndProject
Project("{8BC9CEB8-8B4A-11D0-8D11-00A0C91BC942}") = "gapless_playback", "gapless_playback.vcxproj", "{42F1F95C-F70D-49CC-B310-014E702383C2}"
EndProject
Project("{8BC9CEB8-8B4A-11D0-8D11-00A0C91BC942}") = "generate_tone", "generate_tone.vcxproj", "{F838F3A0-251B-4E71-980B-2EAEA54635F7}"
EndProject
Project("{8BC9CEB8-8B4A-11D0-8D11-00A0C91BC942}") = "granular_synth", "granular_synth.vcxproj", "{0E9D97B1-2984-4C6D-A1F1-F238056CB2C8}"
EndProject
Project("{8BC9CEB8-8B4A-11D0-8D11-00A0C91BC942}") = "load_from_memory", "load_from_memory.vcxproj", "{CCBA70B6-2CF5-4E4D-97A7-9E171253B922}"
EndProject
Project("{8BC9CEB8-8B4A-11D0-8D11-00A0C91BC942}") = "multiple_speaker", "multiple_speaker.vcxproj", "{4FFDE64D-7790-46A9-A413-FF3B3B8ADABB}"
EndProject
Project("{8BC9CEB8-8B4A-11D0-8D11-00A0C91BC942}") = "multiple_system", "multiple_system.vcxproj", "{47C56B8B-939B-472C-8A81-C777A695CF3B}"
EndProject
Project("{8BC9CEB8-8B4A-11D0-8D11-00A0C91BC942}") = "net_stream", "net_stream.vcxproj", "{04BB9423-E9DA-4141-89CB-DDA40A69DCD0}"
EndProject
Project("{8BC9CEB8-8B4A-11D0-8D11-00A0C91BC942}") = "play_sound", "play_sound.vcxproj", "{BB84D52F-6D32-444F-A03E-E6B898C2FEC8}"
EndProject
Project("{8BC9CEB8-8B4A-11D0-8D11-00A0C91BC942}") = "play_stream", "play_stream.vcxproj", "{5EFAE503-5D0D-4A44-A727-C56F63E77F49}"
EndProject
Project("{8BC9CEB8-8B4A-11D0-8D11-00A0C91BC942}") = "record", "record.vcxproj", "{1F22B12E-7B18-418C-9922-4FC1DE5867CB}"
EndProject
Project("{8BC9CEB8-8B4A-11D0-8D11-00A0C91BC942}") = "record_enumeration", "record_enumeration.vcxproj", "{91F9C455-170F-4389-BB58-ACD9B8D8F761}"
EndProject
Project("{8BC9CEB8-8B4A-11D0-8D11-00A0C91BC942}") = "user_created_sound", "user_created_sound.vcxproj", "{F9C5BEE0-15C6-49F6-A9B5-1F6FDF48F800}"
EndProject
Project("{8BC9CEB8-8B4A-11D0-8D11-00A0C91BC942}") = "fmod_codec_raw", "fmod_codec_raw.vcxproj", "{B155DA0E-3086-49F0-B1CB-FC53B781E466}"
EndProject
Project("{8BC9CEB8-8B4A-11D0-8D11-00A0C91BC942}") = "fmod_distance_filter", "fmod_distance_filter.vcxproj", "{B2F2B251-0D2B-407F-98F8-F5D5C135B6CF}"
EndProject
Project("{8BC9CEB8-8B4A-11D0-8D11-00A0C91BC942}") = "fmod_gain", "fmod_gain.vcxproj", "{CAFFBF22-8304-43B6-B5E6-D0C7D47344BC}"
EndProject
Project("{8BC9CEB8-8B4A-11D0-8D11-00A0C91BC942}") = "fmod_noise", "fmod_noise.vcxproj", "{B9E2E6E8-77DD-4EFD-9B49-AD1D3104A38C}"
EndProject
Project("{8BC9CEB8-8B4A-11D0-8D11-00A0C91BC942}") = "output_mp3", "output_mp3.vcxproj", "{7D6531BD-D2B0-47CC-8326-E8B9A4BCE306}"
EndProject
Global
	GlobalSection(SolutionConfigurationPlatforms) = preSolution
		Debug|Win32 = Debug|Win32
		Debug|x64 = Debug|x64
		Release|Win32 = Release|Win32
		Release|x64 = Release|x64
	EndGlobalSection
	GlobalSection(ProjectConfigurationPlatforms) = postSolution
		{451E834C-19E3-4FCF-BAD4-74C7E0036006}.Debug|Win32.ActiveCfg = Debug|Win32
		{451E834C-19E3-4FCF-BAD4-74C7E0036006}.Debug|Win32.Build.0 = Debug|Win32
		{451E834C-19E3-4FCF-BAD4-74C7E0036006}.Debug|Win32.Deploy.0 = Debug|Win32
		{451E834C-19E3-4FCF-BAD4-74C7E0036006}.Debug|x64.ActiveCfg = Debug|x64
		{451E834C-19E3-4FCF-BAD4-74C7E0036006}.Debug|x64.Build.0 = Debug|x64
		{451E834C-19E3-4FCF-BAD4-74C7E0036006}.Debug|x64.Deploy.0 = Debug|x64
		{451E834C-19E3-4FCF-BAD4-74C7E0036006}.Release|Win32.ActiveCfg = Release|Win32
		{451E834C-19E3-4FCF-BAD4-74C7E0036006}.Release|Win32.Build.0 = Release|Win32
		{451E834C-19E3-4FCF-BAD4-74C7E0036006}.Release|Win32.Deploy.0 = Release|Win32
		{451E834C-19E3-4FCF-BAD4-74C7E0036006}.Release|x64.ActiveCfg = Release|x64
		{451E834C-19E3-4FCF-BAD4-74C7E0036006}.Release|x64.Build.0 = Release|x64
		{451E834C-19E3-4FCF-BAD4-74C7E0036006}.Release|x64.Deploy.0 = Release|x64
		{9ECA9D42-B48E-4099-9643-179FC1A5C86B}.Debug|Win32.ActiveCfg = Debug|Win32
		{9ECA9D42-B48E-4099-9643-179FC1A5C86B}.Debug|Win32.Build.0 = Debug|Win32
		{9ECA9D42-B48E-4099-9643-179FC1A5C86B}.Debug|Win32.Deploy.0 = Debug|Win32
		{9ECA9D42-B48E-4099-9643-179FC1A5C86B}.Debug|x64.ActiveCfg = Debug|x64
		{9ECA9D42-B48E-4099-9643-179FC1A5C86B}.Debug|x64.Build.0 = Debug|x64
		{9ECA9D42-B48E-4099-9643-179FC1A5C86B}.Debug|x64.Deploy.0 = Debug|x64
		{9ECA9D42-B48E-4099-9643-179FC1A5C86B}.Release|Win32.ActiveCfg = Release|Win32
		{9ECA9D42-B48E-4099-9643-179FC1A5C86B}.Release|Win32.Build.0 = Release|Win32
		{9ECA9D42-B48E-4099-9643-179FC1A5C86B}.Release|Win32.Deploy.0 = Release|Win32
		{9ECA9D42-B48E-4099-9643-179FC1A5C86B}.Release|x64.ActiveCfg = Release|x64
		{9ECA9D42-B48E-4099-9643-179FC1A5C86B}.Release|x64.Build.0 = Release|x64
		{9ECA9D42-B48E-4099-9643-179FC1A5C86B}.Release|x64.Deploy.0 = Release|x64
		{BD03DE38-A884-4F81-B0C7-C6829D14DA64}.Debug|Win32.ActiveCfg = Debug|Win32
		{BD03DE38-A884-4F81-B0C7-C6829D14DA64}.Debug|Win32.Build.0 = Debug|Win32
		{BD03DE38-A884-4F81-B0C7-C6829D14DA64}.Debug|Win32.Deploy.0 = Debug|Win32
		{BD03DE38-A884-4F81-B0C7-C6829D14DA64}.Debug|x64.ActiveCfg = Debug|x64
		{BD03DE38-A884-4F81-B0C7-C6829D14DA64}.Debug|x64.Build.0 = Debug|x64
		{BD03DE38-A884-4F81-B0C7-C6829D14DA64}.Debug|x64.Deploy.0 = Debug|x64
		{BD03DE38-A884-4F81-B0C7-C6829D14DA64}.Release|Win32.ActiveCfg = Release|Win32
		{BD03DE38-A884-4F81-B0C7-C6829D14DA64}.Release|Win32.Build.0 = Release|Win32
		{BD03DE38-A884-4F81-B0C7-C6829D14DA64}.Release|Win32.Deploy.0 = Release|Win32
		{BD03DE38-A884-4F81-B0C7-C6829D14DA64}.Release|x64.ActiveCfg = Release|x64
		{BD03DE38-A884-4F81-B0C7-C6829D14DA64}.Release|x64.Build.0 = Release|x64
		{BD03DE38-A884-4F81-B0C7-C6829D14DA64}.Release|x64.Deploy.0 = Release|x64
		{F213681E-DB8C-44B8-B7BF-8D0437558F94}.Debug|Win32.ActiveCfg = Debug|Win32
		{F213681E-DB8C-44B8-B7BF-8D0437558F94}.Debug|Win32.Build.0 = Debug|Win32
		{F213681E-DB8C-44B8-B7BF-8D0437558F94}.Debug|Win32.Deploy.0 = Debug|Win32
		{F213681E-DB8C-44B8-B7BF-8D0437558F94}.Debug|x64.ActiveCfg = Debug|x64
		{F213681E-DB8C-44B8-B7BF-8D0437558F94}.Debug|x64.Build.0 = Debug|x64
		{F213681E-DB8C-44B8-B7BF-8D0437558F94}.Debug|x64.Deploy.0 = Debug|x64
		{F213681E-DB8C-44B8-B7BF-8D0437558F94}.Release|Win32.ActiveCfg = Release|Win32
		{F213681E-DB8C-44B8-B7BF-8D0437558F94}.Release|Win32.Build.0 = Release|Win32
		{F213681E-DB8C-44B8-B7BF-8D0437558F94}.Release|Win32.Deploy.0 = Release|Win32
		{F213681E-DB8C-44B8-B7BF-8D0437558F94}.Release|x64.ActiveCfg = Release|x64
		{F213681E-DB8C-44B8-B7BF-8D0437558F94}.Release|x64.Build.0 = Release|x64
		{F213681E-DB8C-44B8-B7BF-8D0437558F94}.Release|x64.Deploy.0 = Release|x64
		{0A15A686-C4D6-4931-8092-0BB7A2203291}.Debug|Win32.ActiveCfg = Debug|Win32
		{0A15A686-C4D6-4931-8092-0BB7A2203291}.Debug|Win32.Build.0 = Debug|Win32
		{0A15A686-C4D6-4931-8092-0BB7A2203291}.Debug|Win32.Deploy.0 = Debug|Win32
		{0A15A686-C4D6-4931-8092-0BB7A2203291}.Debug|x64.ActiveCfg = Debug|x64
		{0A15A686-C4D6-4931-8092-0BB7A2203291}.Debug|x64.Build.0 = Debug|x64
		{0A15A686-C4D6-4931-8092-0BB7A2203291}.Debug|x64.Deploy.0 = Debug|x64
		{0A15A686-C4D6-4931-8092-0BB7A2203291}.Release|Win32.ActiveCfg = Release|Win32
		{0A15A686-C4D6-4931-8092-0BB7A2203291}.Release|Win32.Build.0 = Release|Win32
		{0A15A686-C4D6-4931-8092-0BB7A2203291}.Release|Win32.Deploy.0 = Release|Win32
		{0A15A686-C4D6-4931-8092-0BB7A2203291}.Release|x64.ActiveCfg = Release|x64
		{0A15A686-C4D6-4931-8092-0BB7A2203291}.Release|x64.Build.0 = Release|x64
		{0A15A686-C4D6-4931-8092-0BB7A2203291}.Release|x64.Deploy.0 = Release|x64
		{4573292E-F184-41F8-8836-66B9CBDAD7E1}.Debug|Win32.ActiveCfg = Debug|Win32
		{4573292E-F184-41F8-8836-66B9CBDAD7E1}.Debug|Win32.Build.0 = Debug|Win32
		{4573292E-F184-41F8-8836-66B9CBDAD7E1}.Debug|Win32.Deploy.0 = Debug|Win32
		{4573292E-F184-41F8-8836-66B9CBDAD7E1}.Debug|x64.ActiveCfg = Debug|x64
		{4573292E-F184-41F8-8836-66B9CBDAD7E1}.Debug|x64.Build.0 = Debug|x64
		{4573292E-F184-41F8-8836-66B9CBDAD7E1}.Debug|x64.Deploy.0 = Debug|x64
		{4573292E-F184-41F8-8836-66B9CBDAD7E1}.Release|Win32.ActiveCfg = Release|Win32
		{4573292E-F184-41F8-8836-66B9CBDAD7E1}.Release|Win32.Build.0 = Release|Win32
		{4573292E-F184-41F8-8836-66B9CBDAD7E1}.Release|Win32.Deploy.0 = Release|Win32
		{4573292E-F184-41F8-8836-66B9CBDAD7E1}.Release|x64.ActiveCfg = Release|x64
		{4573292E-F184-41F8-8836-66B9CBDAD7E1}.Release|x64.Build.0 = Release|x64
		{4573292E-F184-41F8-8836-66B9CBDAD7E1}.Release|x64.Deploy.0 = Release|x64
		{A9D53D29-C9DC-42DE-9189-858FF0665640}.Debug|Win32.ActiveCfg = Debug|Win32
		{A9D53D29-C9DC-42DE-9189-858FF0665640}.Debug|Win32.Build.0 = Debug|Win32
		{A9D53D29-C9DC-42DE-9189-858FF0665640}.Debug|Win32.Deploy.0 = Debug|Win32
		{A9D53D29-C9DC-42DE-9189-858FF0665640}.Debug|x64.ActiveCfg = Debug|x64
		{A9D53D29-C9DC-42DE-9189-858FF0665640}.Debug|x64.Build.0 = Debug|x64
		{A9D53D29-C9DC-42DE-9189-858FF0665640}.Debug|x64.Deploy.0 = Debug|x64
		{A9D53D29-C9DC-42DE-9189-858FF0665640}.Release|Win32.ActiveCfg = Release|Win32
		{A9D53D29-C9DC-42DE-9189-858FF0665640}.Release|Win32.Build.0 = Release|Win32
		{A9D53D29-C9DC-42DE-9189-858FF0665640}.Release|Win32.Deploy.0 = Release|Win32
		{A9D53D29-C9DC-42DE-9189-858FF0665640}.Release|x64.ActiveCfg = Release|x64
		{A9D53D29-C9DC-42DE-9189-858FF0665640}.Release|x64.Build.0 = Release|x64
		{A9D53D29-C9DC-42DE-9189-858FF0665640}.Release|x64.Deploy.0 = Release|x64
		{12B51582-49E7-4552-946D-8FF0E08A64FB}.Debug|Win32.ActiveCfg = Debug|Win32
		{12B51582-49E7-4552-946D-8FF0E08A64FB}.Debug|Win32.Build.0 = Debug|Win32
		{12B51582-49E7-4552-946D-8FF0E08A64FB}.Debug|Win32.Deploy.0 = Debug|Win32
		{12B51582-49E7-4552-946D-8FF0E08A64FB}.Debug|x64.ActiveCfg = Debug|x64
		{12B51582-49E7-4552-946D-8FF0E08A64FB}.Debug|x64.Build.0 = Debug|x64
		{12B51582-49E7-4552-946D-8FF0E08A64FB}.Debug|x64.Deploy.0 = Debug|x64
		{12B51582-49E7-4552-946D-8FF0E08A64FB}.Release|Win32.ActiveCfg = Release|Win32
		{12B51582-49E7-4552-946D-8FF0E08A64FB}.Release|Win32.Build.0 = Release|Win32
		{12B51582-49E7-4552-946D-8FF0E08A64FB}.Release|Win32.Deploy.0 = Release|Win32
		{12B51582-49E7-4552-946D-8FF0E08A64FB}.Release|x64.ActiveCfg = Release|x64
		{12B51582-49E7-4552-946D-8FF0E08A64FB}.Release|x64.Build.0 = Release|x64
		{12B51582-49E7-4552-946D-8FF0E08A64FB}.Release|x64.Deploy.0 = Release|x64
		{42F1F95C-F70D-49CC-B310-014E702383C2}.Debug|Win32.ActiveCfg = Debug|Win32
		{42F1F95C-F70D-49CC-B310-014E702383C2}.Debug|Win32.Build.0 = Debug|Win32
		{42F1F95C-F70D-49CC-B310-014E702383C2}.Debug|Win32.Deploy.0 = Debug|Win32
		{42F1F95C-F70D-49CC-B310-014E702383C2}.Debug|x64.ActiveCfg = Debug|x64
		{42F1F95C-F70D-49CC-B310-014E702383C2}.Debug|x64.Build.0 = Debug|x64
		{42F1F95C-F70D-49CC-B310-014E702383C2}.Debug|x64.Deploy.0 = Debug|x64
		{42F1F95C-F70D-49CC-B310-014E702383C2}.Release|Win32.ActiveCfg = Release|Win32
		{42F1F95C-F70D-49CC-B310-014E702383C2}.Release|Win32.Build.0 = Release|Win32
		{42F1F95C-F70D-49CC-B310-014E702383C2}.Release|Win32.Deploy.0 = Release|Win32
		{42F1F95C-F70D-49CC-B310-014E702383C2}.Release|x64.ActiveCfg = Release|x64
		{42F1F95C-F70D-49CC-B310-014E702383C2}.Release|x64.Build.0 = Release|x64
		{42F1F95C-F70D-49CC-B310-014E702383C2}.Release|x64.Deploy.0 = Release|x64
		{F838F3A0-251B-4E71-980B-2EAEA54635F7}.Debug|Win32.ActiveCfg = Debug|Win32
		{F838F3A0-251B-4E71-980B-2EAEA54635F7}.Debug|Win32.Build.0 = Debug|Win32
		{F838F3A0-251B-4E71-980B-2EAEA54635F7}.Debug|Win32.Deploy.0 = Debug|Win32
		{F838F3A0-251B-4E71-980B-2EAEA54635F7}.Debug|x64.ActiveCfg = Debug|x64
		{F838F3A0-251B-4E71-980B-2EAEA54635F7}.Debug|x64.Build.0 = Debug|x64
		{F838F3A0-251B-4E71-980B-2EAEA54635F7}.Debug|x64.Deploy.0 = Debug|x64
		{F838F3A0-251B-4E71-980B-2EAEA54635F7}.Release|Win32.ActiveCfg = Release|Win32
		{F838F3A0-251B-4E71-980B-2EAEA54635F7}.Release|Win32.Build.0 = Release|Win32
		{F838F3A0-251B-4E71-980B-2EAEA54635F7}.Release|Win32.Deploy.0 = Release|Win32
		{F838F3A0-251B-4E71-980B-2EAEA54635F7}.Release|x64.ActiveCfg = Release|x64
		{F838F3A0-251B-4E71-980B-2EAEA54635F7}.Release|x64.Build.0 = Release|x64
		{F838F3A0-251B-4E71-980B-2EAEA54635F7}.Release|x64.Deploy.0 = Release|x64
		{0E9D97B1-2984-4C6D-A1F1-F238056CB2C8}.Debug|Win32.ActiveCfg = Debug|Win32
		{0E9D97B1-2984-4C6D-A1F1-F238056CB2C8}.Debug|Win32.Build.0 = Debug|Win32
		{0E9D97B1-2984-4C6D-A1F1-F238056CB2C8}.Debug|Win32.Deploy.0 = Debug|Win32
		{0E9D97B1-2984-4C6D-A1F1-F238056CB2C8}.Debug|x64.ActiveCfg = Debug|x64
		{0E9D97B1-2984-4C6D-A1F1-F238056CB2C8}.Debug|x64.Build.0 = Debug|x64
		{0E9D97B1-2984-4C6D-A1F1-F238056CB2C8}.Debug|x64.Deploy.0 = Debug|x64
		{0E9D97B1-2984-4C6D-A1F1-F238056CB2C8}.Release|Win32.ActiveCfg = Release|Win32
		{0E9D97B1-2984-4C6D-A1F1-F238056CB2C8}.Release|Win32.Build.0 = Release|Win32
		{0E9D97B1-2984-4C6D-A1F1-F238056CB2C8}.Release|Win32.Deploy.0 = Release|Win32
		{0E9D97B1-2984-4C6D-A1F1-F238056CB2C8}.Release|x64.ActiveCfg = Release|x64
		{0E9D97B1-2984-4C6D-A1F1-F238056CB2C8}.Release|x64.Build.0 = Release|x64
		{0E9D97B1-2984-4C6D-A1F1-F238056CB2C8}.Release|x64.Deploy.0 = Release|x64
		{CCBA70B6-2CF5-4E4D-97A7-9E171253B922}.Debug|Win32.ActiveCfg = Debug|Win32
		{CCBA70B6-2CF5-4E4D-97A7-9E171253B922}.Debug|Win32.Build.0 = Debug|Win32
		{CCBA70B6-2CF5-4E4D-97A7-9E171253B922}.Debug|Win32.Deploy.0 = Debug|Win32
		{CCBA70B6-2CF5-4E4D-97A7-9E171253B922}.Debug|x64.ActiveCfg = Debug|x64
		{CCBA70B6-2CF5-4E4D-97A7-9E171253B922}.Debug|x64.Build.0 = Debug|x64
		{CCBA70B6-2CF5-4E4D-97A7-9E171253B922}.Debug|x64.Deploy.0 = Debug|x64
		{CCBA70B6-2CF5-4E4D-97A7-9E171253B922}.Release|Win32.ActiveCfg = Release|Win32
		{CCBA70B6-2CF5-4E4D-97A7-9E171253B922}.Release|Win32.Build.0 = Release|Win32
		{CCBA70B6-2CF5-4E4D-97A7-9E171253B922}.Release|Win32.Deploy.0 = Release|Win32
		{CCBA70B6-2CF5-4E4D-97A7-9E171253B922}.Release|x64.ActiveCfg = Release|x64
		{CCBA70B6-2CF5-4E4D-97A7-9E171253B922}.Release|x64.Build.0 = Release|x64
		{CCBA70B6-2CF5-4E4D-97A7-9E171253B922}.Release|x64.Deploy.0 = Release|x64
		{4FFDE64D-7790-46A9-A413-FF3B3B8ADABB}.Debug|Win32.ActiveCfg = Debug|Win32
		{4FFDE64D-7790-46A9-A413-FF3B3B8ADABB}.Debug|Win32.Build.0 = Debug|Win32
		{4FFDE64D-7790-46A9-A413-FF3B3B8ADABB}.Debug|Win32.Deploy.0 = Debug|Win32
		{4FFDE64D-7790-46A9-A413-FF3B3B8ADABB}.Debug|x64.ActiveCfg = Debug|x64
		{4FFDE64D-7790-46A9-A413-FF3B3B8ADABB}.Debug|x64.Build.0 = Debug|x64
		{4FFDE64D-7790-46A9-A413-FF3B3B8ADABB}.Debug|x64.Deploy.0 = Debug|x64
		{4FFDE64D-7790-46A9-A413-FF3B3B8ADABB}.Release|Win32.ActiveCfg = Release|Win32
		{4FFDE64D-7790-46A9-A413-FF3B3B8ADABB}.Release|Win32.Build.0 = Release|Win32
		{4FFDE64D-7790-46A9-A413-FF3B3B8ADABB}.Release|Win32.Deploy.0 = Release|Win32
		{4FFDE64D-7790-46A9-A413-FF3B3B8ADABB}.Release|x64.ActiveCfg = Release|x64
		{4FFDE64D-7790-46A9-A413-FF3B3B8ADABB}.Release|x64.Build.0 = Release|x64
		{4FFDE64D-7790-46A9-A413-FF3B3B8ADABB}.Release|x64.Deploy.0 = Release|x64
		{47C56B8B-939B-472C-8A81-C777A695CF3B}.Debug|Win32.ActiveCfg = Debug|Win32
		{47C56B8B-939B-472C-8A81-C777A695CF3B}.Debug|Win32.Build.0 = Debug|Win32
		{47C56B8B-939B-472C-8A81-C777A695CF3B}.Debug|Win32.Deploy.0 = Debug|Win32
		{47C56B8B-939B-472C-8A81-C777A695CF3B}.Debug|x64.ActiveCfg = Debug|x64
		{47C56B8B-939B-472C-8A81-C777A695CF3B}.Debug|x64.Build.0 = Debug|x64
		{47C56B8B-939B-472C-8A81-C777A695CF3B}.Debug|x64.Deploy.0 = Debug|x64
		{47C56B8B-939B-472C-8A81-C777A695CF3B}.Release|Win32.ActiveCfg = Release|Win32
		{47C56B8B-939B-472C-8A81-C777A695CF3B}.Release|Win32.Build.0 = Release|Win32
		{47C56B8B-939B-472C-8A81-C777A695CF3B}.Release|Win32.Deploy.0 = Release|Win32
		{47C56B8B-939B-472C-8A81-C777A695CF3B}.Release|x64.ActiveCfg = Release|x64
		{47C56B8B-939B-472C-8A81-C777A695CF3B}.Release|x64.Build.0 = Release|x64
		{47C56B8B-939B-472C-8A81-C777A695CF3B}.Release|x64.Deploy.0 = Release|x64
		{04BB9423-E9DA-4141-89CB-DDA40A69DCD0}.Debug|Win32.ActiveCfg = Debug|Win32
		{04BB9423-E9DA-4141-89CB-DDA40A69DCD0}.Debug|Win32.Build.0 = Debug|Win32
		{04BB9423-E9DA-4141-89CB-DDA40A69DCD0}.Debug|Win32.Deploy.0 = Debug|Win32
		{04BB9423-E9DA-4141-89CB-DDA40A69DCD0}.Debug|x64.ActiveCfg = Debug|x64
		{04BB9423-E9DA-4141-89CB-DDA40A69DCD0}.Debug|x64.Build.0 = Debug|x64
		{04BB9423-E9DA-4141-89CB-DDA40A69DCD0}.Debug|x64.Deploy.0 = Debug|x64
		{04BB9423-E9DA-4141-89CB-DDA40A69DCD0}.Release|Win32.ActiveCfg = Release|Win32
		{04BB9423-E9DA-4141-89CB-DDA40A69DCD0}.Release|Win32.Build.0 = Release|Win32
		{04BB9423-E9DA-4141-89CB-DDA40A69DCD0}.Release|Win32.Deploy.0 = Release|Win32
		{04BB9423-E9DA-4141-89CB-DDA40A69DCD0}.Release|x64.ActiveCfg = Release|x64
		{04BB9423-E9DA-4141-89CB-DDA40A69DCD0}.Release|x64.Build.0 = Release|x64
		{04BB9423-E9DA-4141-89CB-DDA40A69DCD0}.Release|x64.Deploy.0 = Release|x64
		{BB84D52F-6D32-444F-A03E-E6B898C2FEC8}.Debug|Win32.ActiveCfg = Debug|Win32
		{BB84D52F-6D32-444F-A03E-E6B898C2FEC8}.Debug|Win32.Build.0 = Debug|Win32
		{BB84D52F-6D32-444F-A03E-E6B898C2FEC8}.Debug|Win32.Deploy.0 = Debug|Win32
		{BB84D52F-6D32-444F-A03E-E6B898C2FEC8}.Debug|x64.ActiveCfg = Debug|x64
		{BB84D52F-6D32-444F-A03E-E6B898C2FEC8}.Debug|x64.Build.0 = Debug|x64
		{BB84D52F-6D32-444F-A03E-E6B898C2FEC8}.Debug|x64.Deploy.0 = Debug|x64
		{BB84D52F-6D32-444F-A03E-E6B898C2FEC8}.Release|Win32.ActiveCfg = Release|Win32
		{BB84D52F-6D32-444F-A03E-E6B898C2FEC8}.Release|Win32.Build.0 = Release|Win32
		{BB84D52F-6D32-444F-A03E-E6B898C2FEC8}.Release|Win32.Deploy.0 = Release|Win32
		{BB84D52F-6D32-444F-A03E-E6B898C2FEC8}.Release|x64.ActiveCfg = Release|x64
		{BB84D52F-6D32-444F-A03E-E6B898C2FEC8}.Release|x64.Build.0 = Release|x64
		{BB84D52F-6D32-444F-A03E-E6B898C2FEC8}.Release|x64.Deploy.0 = Release|x64
		{5EFAE503-5D0D-4A44-A727-C56F63E77F49}.Debug|Win32.ActiveCfg = Debug|Win32
		{5EFAE503-5D0D-4A44-A727-C56F63E77F49}.Debug|Win32.Build.0 = Debug|Win32
		{5EFAE503-5D0D-4A44-A727-C56F63E77F49}.Debug|Win32.Deploy.0 = Debug|Win32
		{5EFAE503-5D0D-4A44-A727-C56F63E77F49}.Debug|x64.ActiveCfg = Debug|x64
		{5EFAE503-5D0D-4A44-A727-C56F63E77F49}.Debug|x64.Build.0 = Debug|x64
		{5EFAE503-5D0D-4A44-A727-C56F63E77F49}.Debug|x64.Deploy.0 = Debug|x64
		{5EFAE503-5D0D-4A44-A727-C56F63E77F49}.Release|Win32.ActiveCfg = Release|Win32
		{5EFAE503-5D0D-4A44-A727-C56F63E77F49}.Release|Win32.Build.0 = Release|Win32
		{5EFAE503-5D0D-4A44-A727-C56F63E77F49}.Release|Win32.Deploy.0 = Release|Win32
		{5EFAE503-5D0D-4A44-A727-C56F63E77F49}.Release|x64.ActiveCfg = Release|x64
		{5EFAE503-5D0D-4A44-A727-C56F63E77F49}.Release|x64.Build.0 = Release|x64
		{5EFAE503-5D0D-4A44-A727-C56F63E77F49}.Release|x64.Deploy.0 = Release|x64
		{1F22B12E-7B18-418C-9922-4FC1DE5867CB}.Debug|Win32.ActiveCfg = Debug|Win32
		{1F22B12E-7B18-418C-9922-4FC1DE5867CB}.Debug|Win32.Build.0 = Debug|Win32
		{1F22B12E-7B18-418C-9922-4FC1DE5867CB}.Debug|Win32.Deploy.0 = Debug|Win32
		{1F22B12E-7B18-418C-9922-4FC1DE5867CB}.Debug|x64.ActiveCfg = Debug|x64
		{1F22B12E-7B18-418C-9922-4FC1DE5867CB}.Debug|x64.Build.0 = Debug|x64
		{1F22B12E-7B18-418C-9922-4FC1DE5867CB}.Debug|x64.Deploy.0 = Debug|x64
		{1F22B12E-7B18-418C-9922-4FC1DE5867CB}.Release|Win32.ActiveCfg = Release|Win32
		{1F22B12E-7B18-418C-9922-4FC1DE5867CB}.Release|Win32.Build.0 = Release|Win32
		{1F22B12E-7B18-418C-9922-4FC1DE5867CB}.Release|Win32.Deploy.0 = Release|Win32
		{1F22B12E-7B18-418C-9922-4FC1DE5867CB}.Release|x64.ActiveCfg = Release|x64
		{1F22B12E-7B18-418C-9922-4FC1DE5867CB}.Release|x64.Build.0 = Release|x64
		{1F22B12E-7B18-418C-9922-4FC1DE5867CB}.Release|x64.Deploy.0 = Release|x64
		{91F9C455-170F-4389-BB58-ACD9B8D8F761}.Debug|Win32.ActiveCfg = Debug|Win32
		{91F9C455-170F-4389-BB58-ACD9B8D8F761}.Debug|Win32.Build.0 = Debug|Win32
		{91F9C455-170F-4389-BB58-ACD9B8D8F761}.Debug|Win32.Deploy.0 = Debug|Win32
		{91F9C455-170F-4389-BB58-ACD9B8D8F761}.Debug|x64.ActiveCfg = Debug|x64
		{91F9C455-170F-4389-BB58-ACD9B8D8F761}.Debug|x64.Build.0 = Debug|x64
		{91F9C455-170F-4389-BB58-ACD9B8D8F761}.Debug|x64.Deploy.0 = Debug|x64
		{91F9C455-170F-4389-BB58-ACD9B8D8F761}.Release|Win32.ActiveCfg = Release|Win32
		{91F9C455-170F-4389-BB58-ACD9B8D8F761}.Release|Win32.Build.0 = Release|Win32
		{91F9C455-170F-4389-BB58-ACD9B8D8F761}.Release|Win32.Deploy.0 = Release|Win32
		{91F9C455-170F-4389-BB58-ACD9B8D8F761}.Release|x64.ActiveCfg = Release|x64
		{91F9C455-170F-4389-BB58-ACD9B8D8F761}.Release|x64.Build.0 = Release|x64
		{91F9C455-170F-4389-BB58-ACD9B8D8F761}.Release|x64.Deploy.0 = Release|x64
		{F9C5BEE0-15C6-49F6-A9B5-1F6FDF48F800}.Debug|Win32.ActiveCfg = Debug|Win32
		{F9C5BEE0-15C6-49F6-A9B5-1F6FDF48F800}.Debug|Win32.Build.0 = Debug|Win32
		{F9C5BEE0-15C6-49F6-A9B5-1F6FDF48F800}.Debug|Win32.Deploy.0 = Debug|Win32
		{F9C5BEE0-15C6-49F6-A9B5-1F6FDF48F800}.Debug|x64.ActiveCfg = Debug|x64
		{F9C5BEE0-15C6-49F6-A9B5-1F6FDF48F800}.Debug|x64.Build.0 = Debug|x64
		{F9C5BEE0-15C6-49F6-A9B5-1F6FDF48F800}.Debug|x64.Deploy.0 = Debug|x64
		{F9C5BEE0-15C6-49F6-A9B5-1F6FDF48F800}.Release|Win32.ActiveCfg = Release|Win32
		{F9C5BEE0-15C6-49F6-A9B5-1F6FDF48F800}.Release|Win32.Build.0 = Release|Win32
		{F9C5BEE0-15C6-49F6-A9B5-1F6FDF48F800}.Release|Win32.Deploy.0 = Release|Win32
		{F9C5BEE0-15C6-49F6-A9B5-1F6FDF48F800}.Release|x64.ActiveCfg = Release|x64
		{F9C5BEE0-15C6-49F6-A9B5-1F6FDF48F800}.Release|x64.Build.0 = Release|x64
		{F9C5BEE0-15C6-49F6-A9B5-1F6FDF48F800}.Release|x64.Deploy.0 = Release|x64
		{B155DA0E-3086-49F0-B1CB-FC53B781E466}.Debug|Win32.ActiveCfg = Debug|Win32
		{B155DA0E-3086-49F0-B1CB-FC53B781E466}.Debug|Win32.Build.0 = Debug|Win32
		{B155DA0E-3086-49F0-B1CB-FC53B781E466}.Debug|Win32.Deploy.0 = Debug|Win32
		{B155DA0E-3086-49F0-B1CB-FC53B781E466}.Debug|x64.ActiveCfg = Debug|x64
		{B155DA0E-3086-49F0-B1CB-FC53B781E466}.Debug|x64.Build.0 = Debug|x64
		{B155DA0E-3086-49F0-B1CB-FC53B781E466}.Debug|x64.Deploy.0 = Debug|x64
		{B155DA0E-3086-49F0-B1CB-FC53B781E466}.Release|Win32.ActiveCfg = Release|Win32
		{B155DA0E-3086-49F0-B1CB-FC53B781E466}.Release|Win32.Build.0 = Release|Win32
		{B155DA0E-3086-49F0-B1CB-FC53B781E466}.Release|Win32.Deploy.0 = Release|Win32
		{B155DA0E-3086-49F0-B1CB-FC53B781E466}.Release|x64.ActiveCfg = Release|x64
		{B155DA0E-3086-49F0-B1CB-FC53B781E466}.Release|x64.Build.0 = Release|x64
		{B155DA0E-3086-49F0-B1CB-FC53B781E466}.Release|x64.Deploy.0 = Release|x64
		{B2F2B251-0D2B-407F-98F8-F5D5C135B6CF}.Debug|Win32.ActiveCfg = Debug|Win32
		{B2F2B251-0D2B-407F-98F8-F5D5C135B6CF}.Debug|Win32.Build.0 = Debug|Win32
		{B2F2B251-0D2B-407F-98F8-F5D5C135B6CF}.Debug|Win32.Deploy.0 = Debug|Win32
		{B2F2B251-0D2B-407F-98F8-F5D5C135B6CF}.Debug|x64.ActiveCfg = Debug|x64
		{B2F2B251-0D2B-407F-98F8-F5D5C135B6CF}.Debug|x64.Build.0 = Debug|x64
		{B2F2B251-0D2B-407F-98F8-F5D5C135B6CF}.Debug|x64.Deploy.0 = Debug|x64
		{B2F2B251-0D2B-407F-98F8-F5D5C135B6CF}.Release|Win32.ActiveCfg = Release|Win32
		{B2F2B251-0D2B-407F-98F8-F5D5C135B6CF}.Release|Win32.Build.0 = Release|Win32
		{B2F2B251-0D2B-407F-98F8-F5D5C135B6CF}.Release|Win32.Deploy.0 = Release|Win32
		{B2F2B251-0D2B-407F-98F8-F5D5C135B6CF}.Release|x64.ActiveCfg = Release|x64
		{B2F2B251-0D2B-407F-98F8-F5D5C135B6CF}.Release|x64.Build.0 = Release|x64
		{B2F2B251-0D2B-407F-98F8-F5D5C135B6CF}.Release|x64.Deploy.0 = Release|x64
		{CAFFBF22-8304-43B6-B5E6-D0C7D47344BC}.Debug|Win32.ActiveCfg = Debug|Win32
		{CAFFBF22-8304-43B6-B5E6-D0C7D47344BC}.Debug|Win32.Build.0 = Debug|Win32
		{CAFFBF22-8304-43B6-B5E6-D0C7D47344BC}.Debug|Win32.Deploy.0 = Debug|Win32
		{CAFFBF22-8304-43B6-B5E6-D0C7D47344BC}.Debug|x64.ActiveCfg = Debug|x64
		{CAFFBF22-8304-43B6-B5E6-D0C7D47344BC}.Debug|x64.Build.0 = Debug|x64
		{CAFFBF22-8304-43B6-B5E6-D0C7D47344BC}.Debug|x64.Deploy.0 = Debug|x64
		{CAFFBF22-8304-43B6-B5E6-D0C7D47344BC}.Release|Win32.ActiveCfg = Release|Win32
		{CAFFBF22-8304-43B6-B5E6-D0C7D47344BC}.Release|Win32.Build.0 = Release|Win32
		{CAFFBF22-8304-43B6-B5E6-D0C7D47344BC}.Release|Win32.Deploy.0 = Release|Win32
		{CAFFBF22-8304-43B6-B5E6-D0C7D47344BC}.Release|x64.ActiveCfg = Release|x64
		{CAFFBF22-8304-43B6-B5E6-D0C7D47344BC}.Release|x64.Build.0 = Release|x64
		{CAFFBF22-8304-43B6-B5E6-D0C7D47344BC}.Release|x64.Deploy.0 = Release|x64
		{B9E2E6E8-77DD-4EFD-9B49-AD1D3104A38C}.Debug|Win32.ActiveCfg = Debug|Win32
		{B9E2E6E8-77DD-4EFD-9B49-AD1D3104A38C}.Debug|Win32.Build.0 = Debug|Win32
		{B9E2E6E8-77DD-4EFD-9B49-AD1D3104A38C}.Debug|Win32.Deploy.0 = Debug|Win32
		{B9E2E6E8-77DD-4EFD-9B49-AD1D3104A38C}.Debug|x64.ActiveCfg = Debug|x64
		{B9E2E6E8-77DD-4EFD-9B49-AD1D3104A38C}.Debug|x64.Build.0 = Debug|x64
		{B9E2E6E8-77DD-4EFD-9B49-AD1D3104A38C}.Debug|x64.Deploy.0 = Debug|x64
		{B9E2E6E8-77DD-4EFD-9B49-AD1D3104A38C}.Release|Win32.ActiveCfg = Release|Win32
		{B9E2E6E8-77DD-4EFD-9B49-AD1D3104A38C}.Release|Win32.Build.0 = Release|Win32
		{B9E2E6E8-77DD-4EFD-9B49-AD1D3104A38C}.Release|Win32.Deploy.0 = Release|Win32
		{B9E2E6E8-77DD-4EFD-9B49-AD1D3104A38C}.Release|x64.ActiveCfg = Release|x64
		{B9E2E6E8-77DD-4EFD-9B49-AD1D3104A38C}.Release|x64.Build.0 = Release|x64
		{B9E2E6E8-77DD-4EFD-9B49-AD1D3104A38C}.Release|x64.Deploy.0 = Release|x64
		{7D6531BD-D2B0-47CC-8326-E8B9A4BCE306}.Debug|Win32.ActiveCfg = Debug|Win32
		{7D6531BD-D2B0-47CC-8326-E8B9A4BCE306}.Debug|Win32.Build.0 = Debug|Win32
		{7D6531BD-D2B0-47CC-8326-E8B9A4BCE306}.Debug|Win32.Deploy.0 = Debug|Win32
		{7D6531BD-D2B0-47CC-8326-E8B9A4BCE306}.Debug|x64.ActiveCfg = Debug|x64
		{7D6531BD-D2B0-47CC-8326-E8B9A4BCE306}.Debug|x64.Build.0 = Debug|x64
		{7D6531BD-D2B0-47CC-8326-E8B9A4BCE306}.Debug|x64.Deploy.0 = Debug|x64
		{7D6531BD-D2B0-47CC-8326-E8B9A4BCE306}.Release|Win32.ActiveCfg = Release|Win32
		{7D6531BD-D2B0-47CC-8326-E8B9A4BCE306}.Release|Win32.Build.0 = Release|Win32
		{7D6531BD-D2B0-47CC-8326-E8B9A4BCE306}.Release|Win32.Deploy.0 = Release|Win32
		{7D6531BD-D2B0-47CC-8326-E8B9A4BCE306}.Release|x64.ActiveCfg = Release|x64
		{7D6531BD-D2B0-47CC-8326-E8B9A4BCE306}.Release|x64.Build.0 = Release|x64
		{7D6531BD-D2B0-47CC-8326-E8B9A4BCE306}.Release|x64.Deploy.0 = Release|x64
	EndGlobalSection
	GlobalSection(SolutionProperties) = preSolution
		HideSolutionNode = FALSE
	EndGlobalSection
EndGlobal
